// !$*UTF8*$!
{
	archiveVersion = 1;
	classes = {
	};
	objectVersion = 50;
	objects = {

/* Begin PBXBuildFile section */
		249DA114238744D1008877A1 /* AppDelegate.swift in Sources */ = {isa = PBXBuildFile; fileRef = 249DA113238744D1008877A1 /* AppDelegate.swift */; };
		249DA116238744D1008877A1 /* SceneDelegate.swift in Sources */ = {isa = PBXBuildFile; fileRef = 249DA115238744D1008877A1 /* SceneDelegate.swift */; };
		249DA118238744D1008877A1 /* ViewController.swift in Sources */ = {isa = PBXBuildFile; fileRef = 249DA117238744D1008877A1 /* ViewController.swift */; };
		249DA11B238744D1008877A1 /* Main.storyboard in Resources */ = {isa = PBXBuildFile; fileRef = 249DA119238744D1008877A1 /* Main.storyboard */; };
		249DA11D238744D3008877A1 /* Assets.xcassets in Resources */ = {isa = PBXBuildFile; fileRef = 249DA11C238744D3008877A1 /* Assets.xcassets */; };
		249DA120238744D3008877A1 /* LaunchScreen.storyboard in Resources */ = {isa = PBXBuildFile; fileRef = 249DA11E238744D3008877A1 /* LaunchScreen.storyboard */; };
		249DA12B238744D4008877A1 /* PA3Team6Tests.swift in Sources */ = {isa = PBXBuildFile; fileRef = 249DA12A238744D4008877A1 /* PA3Team6Tests.swift */; };
		249DA136238744D4008877A1 /* PA3Team6UITests.swift in Sources */ = {isa = PBXBuildFile; fileRef = 249DA135238744D4008877A1 /* PA3Team6UITests.swift */; };
/* End PBXBuildFile section */

/* Begin PBXContainerItemProxy section */
		249DA127238744D4008877A1 /* PBXContainerItemProxy */ = {
			isa = PBXContainerItemProxy;
			containerPortal = 249DA108238744D1008877A1 /* Project object */;
			proxyType = 1;
			remoteGlobalIDString = 249DA10F238744D1008877A1;
			remoteInfo = PA3Team6;
		};
		249DA132238744D4008877A1 /* PBXContainerItemProxy */ = {
			isa = PBXContainerItemProxy;
			containerPortal = 249DA108238744D1008877A1 /* Project object */;
			proxyType = 1;
			remoteGlobalIDString = 249DA10F238744D1008877A1;
			remoteInfo = PA3Team6;
		};
/* End PBXContainerItemProxy section */

/* Begin PBXFileReference section */
		249DA110238744D1008877A1 /* PA3Team6.app */ = {isa = PBXFileReference; explicitFileType = wrapper.application; includeInIndex = 0; path = PA3Team6.app; sourceTree = BUILT_PRODUCTS_DIR; };
		249DA113238744D1008877A1 /* AppDelegate.swift */ = {isa = PBXFileReference; lastKnownFileType = sourcecode.swift; path = AppDelegate.swift; sourceTree = "<group>"; };
		249DA115238744D1008877A1 /* SceneDelegate.swift */ = {isa = PBXFileReference; lastKnownFileType = sourcecode.swift; path = SceneDelegate.swift; sourceTree = "<group>"; };
		249DA117238744D1008877A1 /* ViewController.swift */ = {isa = PBXFileReference; lastKnownFileType = sourcecode.swift; path = ViewController.swift; sourceTree = "<group>"; };
		249DA11A238744D1008877A1 /* Base */ = {isa = PBXFileReference; lastKnownFileType = file.storyboard; name = Base; path = Base.lproj/Main.storyboard; sourceTree = "<group>"; };
		249DA11C238744D3008877A1 /* Assets.xcassets */ = {isa = PBXFileReference; lastKnownFileType = folder.assetcatalog; path = Assets.xcassets; sourceTree = "<group>"; };
		249DA11F238744D3008877A1 /* Base */ = {isa = PBXFileReference; lastKnownFileType = file.storyboard; name = Base; path = Base.lproj/LaunchScreen.storyboard; sourceTree = "<group>"; };
		249DA121238744D3008877A1 /* Info.plist */ = {isa = PBXFileReference; lastKnownFileType = text.plist.xml; path = Info.plist; sourceTree = "<group>"; };
		249DA126238744D4008877A1 /* PA3Team6Tests.xctest */ = {isa = PBXFileReference; explicitFileType = wrapper.cfbundle; includeInIndex = 0; path = PA3Team6Tests.xctest; sourceTree = BUILT_PRODUCTS_DIR; };
		249DA12A238744D4008877A1 /* PA3Team6Tests.swift */ = {isa = PBXFileReference; lastKnownFileType = sourcecode.swift; path = PA3Team6Tests.swift; sourceTree = "<group>"; };
		249DA12C238744D4008877A1 /* Info.plist */ = {isa = PBXFileReference; lastKnownFileType = text.plist.xml; path = Info.plist; sourceTree = "<group>"; };
		249DA131238744D4008877A1 /* PA3Team6UITests.xctest */ = {isa = PBXFileReference; explicitFileType = wrapper.cfbundle; includeInIndex = 0; path = PA3Team6UITests.xctest; sourceTree = BUILT_PRODUCTS_DIR; };
		249DA135238744D4008877A1 /* PA3Team6UITests.swift */ = {isa = PBXFileReference; lastKnownFileType = sourcecode.swift; path = PA3Team6UITests.swift; sourceTree = "<group>"; };
		249DA137238744D4008877A1 /* Info.plist */ = {isa = PBXFileReference; lastKnownFileType = text.plist.xml; path = Info.plist; sourceTree = "<group>"; };
/* End PBXFileReference section */

/* Begin PBXFrameworksBuildPhase section */
		249DA10D238744D1008877A1 /* Frameworks */ = {
			isa = PBXFrameworksBuildPhase;
			buildActionMask = 2147483647;
			files = (
			);
			runOnlyForDeploymentPostprocessing = 0;
		};
		249DA123238744D4008877A1 /* Frameworks */ = {
			isa = PBXFrameworksBuildPhase;
			buildActionMask = 2147483647;
			files = (
			);
			runOnlyForDeploymentPostprocessing = 0;
		};
		249DA12E238744D4008877A1 /* Frameworks */ = {
			isa = PBXFrameworksBuildPhase;
			buildActionMask = 2147483647;
			files = (
			);
			runOnlyForDeploymentPostprocessing = 0;
		};
/* End PBXFrameworksBuildPhase section */

/* Begin PBXGroup section */
		249DA107238744D1008877A1 = {
			isa = PBXGroup;
			children = (
				249DA112238744D1008877A1 /* PA3Team6 */,
				249DA129238744D4008877A1 /* PA3Team6Tests */,
				249DA134238744D4008877A1 /* PA3Team6UITests */,
				249DA111238744D1008877A1 /* Products */,
			);
			sourceTree = "<group>";
		};
		249DA111238744D1008877A1 /* Products */ = {
			isa = PBXGroup;
			children = (
				249DA110238744D1008877A1 /* PA3Team6.app */,
				249DA126238744D4008877A1 /* PA3Team6Tests.xctest */,
				249DA131238744D4008877A1 /* PA3Team6UITests.xctest */,
			);
			name = Products;
			sourceTree = "<group>";
		};
		249DA112238744D1008877A1 /* PA3Team6 */ = {
			isa = PBXGroup;
			children = (
				249DA113238744D1008877A1 /* AppDelegate.swift */,
				249DA115238744D1008877A1 /* SceneDelegate.swift */,
				249DA117238744D1008877A1 /* ViewController.swift */,
				249DA119238744D1008877A1 /* Main.storyboard */,
				249DA11C238744D3008877A1 /* Assets.xcassets */,
				249DA11E238744D3008877A1 /* LaunchScreen.storyboard */,
				249DA121238744D3008877A1 /* Info.plist */,
			);
			path = PA3Team6;
			sourceTree = "<group>";
		};
		249DA129238744D4008877A1 /* PA3Team6Tests */ = {
			isa = PBXGroup;
			children = (
				249DA12A238744D4008877A1 /* PA3Team6Tests.swift */,
				249DA12C238744D4008877A1 /* Info.plist */,
			);
			path = PA3Team6Tests;
			sourceTree = "<group>";
		};
		249DA134238744D4008877A1 /* PA3Team6UITests */ = {
			isa = PBXGroup;
			children = (
				249DA135238744D4008877A1 /* PA3Team6UITests.swift */,
				249DA137238744D4008877A1 /* Info.plist */,
			);
			path = PA3Team6UITests;
			sourceTree = "<group>";
		};
/* End PBXGroup section */

/* Begin PBXNativeTarget section */
		249DA10F238744D1008877A1 /* PA3Team6 */ = {
			isa = PBXNativeTarget;
			buildConfigurationList = 249DA13A238744D4008877A1 /* Build configuration list for PBXNativeTarget "PA3Team6" */;
			buildPhases = (
				249DA10C238744D1008877A1 /* Sources */,
				249DA10D238744D1008877A1 /* Frameworks */,
				249DA10E238744D1008877A1 /* Resources */,
			);
			buildRules = (
			);
			dependencies = (
			);
			name = PA3Team6;
			productName = PA3Team6;
			productReference = 249DA110238744D1008877A1 /* PA3Team6.app */;
			productType = "com.apple.product-type.application";
		};
		249DA125238744D4008877A1 /* PA3Team6Tests */ = {
			isa = PBXNativeTarget;
			buildConfigurationList = 249DA13D238744D4008877A1 /* Build configuration list for PBXNativeTarget "PA3Team6Tests" */;
			buildPhases = (
				249DA122238744D4008877A1 /* Sources */,
				249DA123238744D4008877A1 /* Frameworks */,
				249DA124238744D4008877A1 /* Resources */,
			);
			buildRules = (
			);
			dependencies = (
				249DA128238744D4008877A1 /* PBXTargetDependency */,
			);
			name = PA3Team6Tests;
			productName = PA3Team6Tests;
			productReference = 249DA126238744D4008877A1 /* PA3Team6Tests.xctest */;
			productType = "com.apple.product-type.bundle.unit-test";
		};
		249DA130238744D4008877A1 /* PA3Team6UITests */ = {
			isa = PBXNativeTarget;
			buildConfigurationList = 249DA140238744D4008877A1 /* Build configuration list for PBXNativeTarget "PA3Team6UITests" */;
			buildPhases = (
				249DA12D238744D4008877A1 /* Sources */,
				249DA12E238744D4008877A1 /* Frameworks */,
				249DA12F238744D4008877A1 /* Resources */,
			);
			buildRules = (
			);
			dependencies = (
				249DA133238744D4008877A1 /* PBXTargetDependency */,
			);
			name = PA3Team6UITests;
			productName = PA3Team6UITests;
			productReference = 249DA131238744D4008877A1 /* PA3Team6UITests.xctest */;
			productType = "com.apple.product-type.bundle.ui-testing";
		};
/* End PBXNativeTarget section */

/* Begin PBXProject section */
		249DA108238744D1008877A1 /* Project object */ = {
			isa = PBXProject;
			attributes = {
				LastSwiftUpdateCheck = 1120;
				LastUpgradeCheck = 1120;
				ORGANIZATIONNAME = Team6;
				TargetAttributes = {
					249DA10F238744D1008877A1 = {
						CreatedOnToolsVersion = 11.2;
					};
					249DA125238744D4008877A1 = {
						CreatedOnToolsVersion = 11.2;
						TestTargetID = 249DA10F238744D1008877A1;
					};
					249DA130238744D4008877A1 = {
						CreatedOnToolsVersion = 11.2;
						TestTargetID = 249DA10F238744D1008877A1;
					};
				};
			};
			buildConfigurationList = 249DA10B238744D1008877A1 /* Build configuration list for PBXProject "PA3Team6" */;
			compatibilityVersion = "Xcode 9.3";
			developmentRegion = en;
			hasScannedForEncodings = 0;
			knownRegions = (
				en,
				Base,
			);
			mainGroup = 249DA107238744D1008877A1;
			productRefGroup = 249DA111238744D1008877A1 /* Products */;
			projectDirPath = "";
			projectRoot = "";
			targets = (
				249DA10F238744D1008877A1 /* PA3Team6 */,
				249DA125238744D4008877A1 /* PA3Team6Tests */,
				249DA130238744D4008877A1 /* PA3Team6UITests */,
			);
		};
/* End PBXProject section */

/* Begin PBXResourcesBuildPhase section */
		249DA10E238744D1008877A1 /* Resources */ = {
			isa = PBXResourcesBuildPhase;
			buildActionMask = 2147483647;
			files = (
				249DA120238744D3008877A1 /* LaunchScreen.storyboard in Resources */,
				249DA11D238744D3008877A1 /* Assets.xcassets in Resources */,
				249DA11B238744D1008877A1 /* Main.storyboard in Resources */,
			);
			runOnlyForDeploymentPostprocessing = 0;
		};
		249DA124238744D4008877A1 /* Resources */ = {
			isa = PBXResourcesBuildPhase;
			buildActionMask = 2147483647;
			files = (
			);
			runOnlyForDeploymentPostprocessing = 0;
		};
		249DA12F238744D4008877A1 /* Resources */ = {
			isa = PBXResourcesBuildPhase;
			buildActionMask = 2147483647;
			files = (
			);
			runOnlyForDeploymentPostprocessing = 0;
		};
/* End PBXResourcesBuildPhase section */

/* Begin PBXSourcesBuildPhase section */
		249DA10C238744D1008877A1 /* Sources */ = {
			isa = PBXSourcesBuildPhase;
			buildActionMask = 2147483647;
			files = (
				249DA118238744D1008877A1 /* ViewController.swift in Sources */,
				249DA114238744D1008877A1 /* AppDelegate.swift in Sources */,
				249DA116238744D1008877A1 /* SceneDelegate.swift in Sources */,
			);
			runOnlyForDeploymentPostprocessing = 0;
		};
		249DA122238744D4008877A1 /* Sources */ = {
			isa = PBXSourcesBuildPhase;
			buildActionMask = 2147483647;
			files = (
				249DA12B238744D4008877A1 /* PA3Team6Tests.swift in Sources */,
			);
			runOnlyForDeploymentPostprocessing = 0;
		};
		249DA12D238744D4008877A1 /* Sources */ = {
			isa = PBXSourcesBuildPhase;
			buildActionMask = 2147483647;
			files = (
				249DA136238744D4008877A1 /* PA3Team6UITests.swift in Sources */,
			);
			runOnlyForDeploymentPostprocessing = 0;
		};
/* End PBXSourcesBuildPhase section */

/* Begin PBXTargetDependency section */
		249DA128238744D4008877A1 /* PBXTargetDependency */ = {
			isa = PBXTargetDependency;
			target = 249DA10F238744D1008877A1 /* PA3Team6 */;
			targetProxy = 249DA127238744D4008877A1 /* PBXContainerItemProxy */;
		};
		249DA133238744D4008877A1 /* PBXTargetDependency */ = {
			isa = PBXTargetDependency;
			target = 249DA10F238744D1008877A1 /* PA3Team6 */;
			targetProxy = 249DA132238744D4008877A1 /* PBXContainerItemProxy */;
		};
/* End PBXTargetDependency section */

/* Begin PBXVariantGroup section */
		249DA119238744D1008877A1 /* Main.storyboard */ = {
			isa = PBXVariantGroup;
			children = (
				249DA11A238744D1008877A1 /* Base */,
			);
			name = Main.storyboard;
			sourceTree = "<group>";
		};
		249DA11E238744D3008877A1 /* LaunchScreen.storyboard */ = {
			isa = PBXVariantGroup;
			children = (
				249DA11F238744D3008877A1 /* Base */,
			);
			name = LaunchScreen.storyboard;
			sourceTree = "<group>";
		};
/* End PBXVariantGroup section */

/* Begin XCBuildConfiguration section */
		249DA138238744D4008877A1 /* Debug */ = {
			isa = XCBuildConfiguration;
			buildSettings = {
				ALWAYS_SEARCH_USER_PATHS = NO;
				CLANG_ANALYZER_NONNULL = YES;
				CLANG_ANALYZER_NUMBER_OBJECT_CONVERSION = YES_AGGRESSIVE;
				CLANG_CXX_LANGUAGE_STANDARD = "gnu++14";
				CLANG_CXX_LIBRARY = "libc++";
				CLANG_ENABLE_MODULES = YES;
				CLANG_ENABLE_OBJC_ARC = YES;
				CLANG_ENABLE_OBJC_WEAK = YES;
				CLANG_WARN_BLOCK_CAPTURE_AUTORELEASING = YES;
				CLANG_WARN_BOOL_CONVERSION = YES;
				CLANG_WARN_COMMA = YES;
				CLANG_WARN_CONSTANT_CONVERSION = YES;
				CLANG_WARN_DEPRECATED_OBJC_IMPLEMENTATIONS = YES;
				CLANG_WARN_DIRECT_OBJC_ISA_USAGE = YES_ERROR;
				CLANG_WARN_DOCUMENTATION_COMMENTS = YES;
				CLANG_WARN_EMPTY_BODY = YES;
				CLANG_WARN_ENUM_CONVERSION = YES;
				CLANG_WARN_INFINITE_RECURSION = YES;
				CLANG_WARN_INT_CONVERSION = YES;
				CLANG_WARN_NON_LITERAL_NULL_CONVERSION = YES;
				CLANG_WARN_OBJC_IMPLICIT_RETAIN_SELF = YES;
				CLANG_WARN_OBJC_LITERAL_CONVERSION = YES;
				CLANG_WARN_OBJC_ROOT_CLASS = YES_ERROR;
				CLANG_WARN_RANGE_LOOP_ANALYSIS = YES;
				CLANG_WARN_STRICT_PROTOTYPES = YES;
				CLANG_WARN_SUSPICIOUS_MOVE = YES;
				CLANG_WARN_UNGUARDED_AVAILABILITY = YES_AGGRESSIVE;
				CLANG_WARN_UNREACHABLE_CODE = YES;
				CLANG_WARN__DUPLICATE_METHOD_MATCH = YES;
				COPY_PHASE_STRIP = NO;
				DEBUG_INFORMATION_FORMAT = dwarf;
				ENABLE_STRICT_OBJC_MSGSEND = YES;
				ENABLE_TESTABILITY = YES;
				GCC_C_LANGUAGE_STANDARD = gnu11;
				GCC_DYNAMIC_NO_PIC = NO;
				GCC_NO_COMMON_BLOCKS = YES;
				GCC_OPTIMIZATION_LEVEL = 0;
				GCC_PREPROCESSOR_DEFINITIONS = (
					"DEBUG=1",
					"$(inherited)",
				);
				GCC_WARN_64_TO_32_BIT_CONVERSION = YES;
				GCC_WARN_ABOUT_RETURN_TYPE = YES_ERROR;
				GCC_WARN_UNDECLARED_SELECTOR = YES;
				GCC_WARN_UNINITIALIZED_AUTOS = YES_AGGRESSIVE;
				GCC_WARN_UNUSED_FUNCTION = YES;
				GCC_WARN_UNUSED_VARIABLE = YES;
				IPHONEOS_DEPLOYMENT_TARGET = 13.2;
				MTL_ENABLE_DEBUG_INFO = INCLUDE_SOURCE;
				MTL_FAST_MATH = YES;
				ONLY_ACTIVE_ARCH = YES;
				SDKROOT = iphoneos;
				SWIFT_ACTIVE_COMPILATION_CONDITIONS = DEBUG;
				SWIFT_OPTIMIZATION_LEVEL = "-Onone";
			};
			name = Debug;
		};
		249DA139238744D4008877A1 /* Release */ = {
			isa = XCBuildConfiguration;
			buildSettings = {
				ALWAYS_SEARCH_USER_PATHS = NO;
				CLANG_ANALYZER_NONNULL = YES;
				CLANG_ANALYZER_NUMBER_OBJECT_CONVERSION = YES_AGGRESSIVE;
				CLANG_CXX_LANGUAGE_STANDARD = "gnu++14";
				CLANG_CXX_LIBRARY = "libc++";
				CLANG_ENABLE_MODULES = YES;
				CLANG_ENABLE_OBJC_ARC = YES;
				CLANG_ENABLE_OBJC_WEAK = YES;
				CLANG_WARN_BLOCK_CAPTURE_AUTORELEASING = YES;
				CLANG_WARN_BOOL_CONVERSION = YES;
				CLANG_WARN_COMMA = YES;
				CLANG_WARN_CONSTANT_CONVERSION = YES;
				CLANG_WARN_DEPRECATED_OBJC_IMPLEMENTATIONS = YES;
				CLANG_WARN_DIRECT_OBJC_ISA_USAGE = YES_ERROR;
				CLANG_WARN_DOCUMENTATION_COMMENTS = YES;
				CLANG_WARN_EMPTY_BODY = YES;
				CLANG_WARN_ENUM_CONVERSION = YES;
				CLANG_WARN_INFINITE_RECURSION = YES;
				CLANG_WARN_INT_CONVERSION = YES;
				CLANG_WARN_NON_LITERAL_NULL_CONVERSION = YES;
				CLANG_WARN_OBJC_IMPLICIT_RETAIN_SELF = YES;
				CLANG_WARN_OBJC_LITERAL_CONVERSION = YES;
				CLANG_WARN_OBJC_ROOT_CLASS = YES_ERROR;
				CLANG_WARN_RANGE_LOOP_ANALYSIS = YES;
				CLANG_WARN_STRICT_PROTOTYPES = YES;
				CLANG_WARN_SUSPICIOUS_MOVE = YES;
				CLANG_WARN_UNGUARDED_AVAILABILITY = YES_AGGRESSIVE;
				CLANG_WARN_UNREACHABLE_CODE = YES;
				CLANG_WARN__DUPLICATE_METHOD_MATCH = YES;
				COPY_PHASE_STRIP = NO;
				DEBUG_INFORMATION_FORMAT = "dwarf-with-dsym";
				ENABLE_NS_ASSERTIONS = NO;
				ENABLE_STRICT_OBJC_MSGSEND = YES;
				GCC_C_LANGUAGE_STANDARD = gnu11;
				GCC_NO_COMMON_BLOCKS = YES;
				GCC_WARN_64_TO_32_BIT_CONVERSION = YES;
				GCC_WARN_ABOUT_RETURN_TYPE = YES_ERROR;
				GCC_WARN_UNDECLARED_SELECTOR = YES;
				GCC_WARN_UNINITIALIZED_AUTOS = YES_AGGRESSIVE;
				GCC_WARN_UNUSED_FUNCTION = YES;
				GCC_WARN_UNUSED_VARIABLE = YES;
				IPHONEOS_DEPLOYMENT_TARGET = 13.2;
				MTL_ENABLE_DEBUG_INFO = NO;
				MTL_FAST_MATH = YES;
				SDKROOT = iphoneos;
				SWIFT_COMPILATION_MODE = wholemodule;
				SWIFT_OPTIMIZATION_LEVEL = "-O";
				VALIDATE_PRODUCT = YES;
			};
			name = Release;
		};
		249DA13B238744D4008877A1 /* Debug */ = {
			isa = XCBuildConfiguration;
			buildSettings = {
				ASSETCATALOG_COMPILER_APPICON_NAME = AppIcon;
				CODE_SIGN_STYLE = Automatic;
				DEVELOPMENT_TEAM = 6M6Q64VDPQ;
				INFOPLIST_FILE = PA3Team6/Info.plist;
				IPHONEOS_DEPLOYMENT_TARGET = 13.1;
				LD_RUNPATH_SEARCH_PATHS = (
					"$(inherited)",
					"@executable_path/Frameworks",
				);
				PRODUCT_BUNDLE_IDENTIFIER = team.Exercise8Team6;
				PRODUCT_NAME = "$(TARGET_NAME)";
				SWIFT_VERSION = 5.0;
				TARGETED_DEVICE_FAMILY = "1,2";
			};
			name = Debug;
		};
		249DA13C238744D4008877A1 /* Release */ = {
			isa = XCBuildConfiguration;
			buildSettings = {
				ASSETCATALOG_COMPILER_APPICON_NAME = AppIcon;
				CODE_SIGN_STYLE = Automatic;
				DEVELOPMENT_TEAM = 6M6Q64VDPQ;
				INFOPLIST_FILE = PA3Team6/Info.plist;
				IPHONEOS_DEPLOYMENT_TARGET = 13.1;
				LD_RUNPATH_SEARCH_PATHS = (
					"$(inherited)",
					"@executable_path/Frameworks",
				);
				PRODUCT_BUNDLE_IDENTIFIER = team.Exercise8Team6;
				PRODUCT_NAME = "$(TARGET_NAME)";
				SWIFT_VERSION = 5.0;
				TARGETED_DEVICE_FAMILY = "1,2";
			};
			name = Release;
		};
		249DA13E238744D4008877A1 /* Debug */ = {
			isa = XCBuildConfiguration;
			buildSettings = {
				ALWAYS_EMBED_SWIFT_STANDARD_LIBRARIES = YES;
				BUNDLE_LOADER = "$(TEST_HOST)";
				CODE_SIGN_STYLE = Automatic;
				DEVELOPMENT_TEAM = 6M6Q64VDPQ;
				INFOPLIST_FILE = PA3Team6Tests/Info.plist;
				IPHONEOS_DEPLOYMENT_TARGET = 13.2;
				LD_RUNPATH_SEARCH_PATHS = (
					"$(inherited)",
					"@executable_path/Frameworks",
					"@loader_path/Frameworks",
				);
				PRODUCT_BUNDLE_IDENTIFIER = team.PA3Team6Tests;
				PRODUCT_NAME = "$(TARGET_NAME)";
				SWIFT_VERSION = 5.0;
				TARGETED_DEVICE_FAMILY = "1,2";
				TEST_HOST = "$(BUILT_PRODUCTS_DIR)/PA3Team6.app/PA3Team6";
			};
			name = Debug;
		};
		249DA13F238744D4008877A1 /* Release */ = {
			isa = XCBuildConfiguration;
			buildSettings = {
				ALWAYS_EMBED_SWIFT_STANDARD_LIBRARIES = YES;
				BUNDLE_LOADER = "$(TEST_HOST)";
				CODE_SIGN_STYLE = Automatic;
				DEVELOPMENT_TEAM = 6M6Q64VDPQ;
				INFOPLIST_FILE = PA3Team6Tests/Info.plist;
				IPHONEOS_DEPLOYMENT_TARGET = 13.2;
				LD_RUNPATH_SEARCH_PATHS = (
					"$(inherited)",
					"@executable_path/Frameworks",
					"@loader_path/Frameworks",
				);
				PRODUCT_BUNDLE_IDENTIFIER = team.PA3Team6Tests;
				PRODUCT_NAME = "$(TARGET_NAME)";
				SWIFT_VERSION = 5.0;
				TARGETED_DEVICE_FAMILY = "1,2";
				TEST_HOST = "$(BUILT_PRODUCTS_DIR)/PA3Team6.app/PA3Team6";
			};
			name = Release;
		};
		249DA141238744D4008877A1 /* Debug */ = {
			isa = XCBuildConfiguration;
			buildSettings = {
				ALWAYS_EMBED_SWIFT_STANDARD_LIBRARIES = YES;
				CODE_SIGN_STYLE = Automatic;
				DEVELOPMENT_TEAM = 6M6Q64VDPQ;
				INFOPLIST_FILE = PA3Team6UITests/Info.plist;
				LD_RUNPATH_SEARCH_PATHS = (
					"$(inherited)",
					"@executable_path/Frameworks",
					"@loader_path/Frameworks",
				);
				PRODUCT_BUNDLE_IDENTIFIER = team.PA3Team6UITests;
				PRODUCT_NAME = "$(TARGET_NAME)";
				SWIFT_VERSION = 5.0;
				TARGETED_DEVICE_FAMILY = "1,2";
				TEST_TARGET_NAME = PA3Team6;
			};
			name = Debug;
		};
		249DA142238744D4008877A1 /* Release */ = {
			isa = XCBuildConfiguration;
			buildSettings = {
				ALWAYS_EMBED_SWIFT_STANDARD_LIBRARIES = YES;
				CODE_SIGN_STYLE = Automatic;
				DEVELOPMENT_TEAM = 6M6Q64VDPQ;
				INFOPLIST_FILE = PA3Team6UITests/Info.plist;
				LD_RUNPATH_SEARCH_PATHS = (
					"$(inherited)",
					"@executable_path/Frameworks",
					"@loader_path/Frameworks",
				);
				PRODUCT_BUNDLE_IDENTIFIER = team.PA3Team6UITests;
				PRODUCT_NAME = "$(TARGET_NAME)";
				SWIFT_VERSION = 5.0;
				TARGETED_DEVICE_FAMILY = "1,2";
				TEST_TARGET_NAME = PA3Team6;
			};
			name = Release;
		};
/* End XCBuildConfiguration section */

/* Begin XCConfigurationList section */
		249DA10B238744D1008877A1 /* Build configuration list for PBXProject "PA3Team6" */ = {
			isa = XCConfigurationList;
			buildConfigurations = (
				249DA138238744D4008877A1 /* Debug */,
				249DA139238744D4008877A1 /* Release */,
			);
			defaultConfigurationIsVisible = 0;
			defaultConfigurationName = Release;
		};
		249DA13A238744D4008877A1 /* Build configuration list for PBXNativeTarget "PA3Team6" */ = {
			isa = XCConfigurationList;
			buildConfigurations = (
				249DA13B238744D4008877A1 /* Debug */,
				249DA13C238744D4008877A1 /* Release */,
			);
			defaultConfigurationIsVisible = 0;
			defaultConfigurationName = Release;
		};
		249DA13D238744D4008877A1 /* Build configuration list for PBXNativeTarget "PA3Team6Tests" */ = {
			isa = XCConfigurationList;
			buildConfigurations = (
				249DA13E238744D4008877A1 /* Debug */,
				249DA13F238744D4008877A1 /* Release */,
			);
			defaultConfigurationIsVisible = 0;
			defaultConfigurationName = Release;
		};
		249DA140238744D4008877A1 /* Build configuration list for PBXNativeTarget "PA3Team6UITests" */ = {
			isa = XCConfigurationList;
			buildConfigurations = (
				249DA141238744D4008877A1 /* Debug */,
				249DA142238744D4008877A1 /* Release */,
			);
			defaultConfigurationIsVisible = 0;
			defaultConfigurationName = Release;
		};
/* End XCConfigurationList section */
	};
	rootObject = 249DA108238744D1008877A1 /* Project object */;
}
